
Microsoft Visual Studio Solution File, Format Version 12.00
# Visual Studio Version 17
VisualStudioVersion = 17.9.34714.143
MinimumVisualStudioVersion = 10.0.40219.1
Project("{FAE04EC0-301F-11D3-BF4B-00C04F79EFBC}") = "smSeans.1", "smSeans.1\smSeans.1.csproj", "{D3837FC7-4DCD-4D77-B864-A8E2634FB1F9}"
EndProject
Global
	GlobalSection(SolutionConfigurationPlatforms) = preSolution
		Debug|Any CPU = Debug|Any CPU
		Release|Any CPU = Release|Any CPU
	EndGlobalSection
	GlobalSection(ProjectConfigurationPlatforms) = postSolution
		{D3837FC7-4DCD-4D77-B864-A8E2634FB1F9}.Debug|Any CPU.ActiveCfg = Debug|Any CPU
		{D3837FC7-4DCD-4D77-B864-A8E2634FB1F9}.Debug|Any CPU.Build.0 = Debug|Any CPU
		{D3837FC7-4DCD-4D77-B864-A8E2634FB1F9}.Release|Any CPU.ActiveCfg = Release|Any CPU
		{D3837FC7-4DCD-4D77-B864-A8E2634FB1F9}.Release|Any CPU.Build.0 = Release|Any CPU
	EndGlobalSection
	GlobalSection(SolutionProperties) = preSolution
		HideSolutionNode = FALSE
	EndGlobalSection
	GlobalSection(ExtensibilityGlobals) = postSolution
		SolutionGuid = {E3FF6544-4560-425E-BEA7-8F801826F397}
	EndGlobalSection
EndGlobal
